
Microsoft Visual Studio Solution File, Format Version 12.00
# Visual Studio Version 16
VisualStudioVersion = 16.0.29215.179
MinimumVisualStudioVersion = 10.0.40219.1
Project("{FAE04EC0-301F-11D3-BF4B-00C04F79EFBC}") = "Porfolio", "Porfolio.csproj", "{86DCDD70-FA73-4777-A008-8FEE7091EC24}"
EndProject
Project("{00D1A9C2-B5F0-4AF3-8072-F6C62B433612}") = "Portfolio.Database", "..\Portfolio.Database\Portfolio.Database.sqlproj", "{D687DF84-EBD3-4D9E-AB88-63C1A7BC09E2}"
EndProject
Global
	GlobalSection(SolutionConfigurationPlatforms) = preSolution
		Debug|Any CPU = Debug|Any CPU
		Release|Any CPU = Release|Any CPU
	EndGlobalSection
	GlobalSection(ProjectConfigurationPlatforms) = postSolution
		{86DCDD70-FA73-4777-A008-8FEE7091EC24}.Debug|Any CPU.ActiveCfg = Debug|Any CPU
		{86DCDD70-FA73-4777-A008-8FEE7091EC24}.Debug|Any CPU.Build.0 = Debug|Any CPU
		{86DCDD70-FA73-4777-A008-8FEE7091EC24}.Release|Any CPU.ActiveCfg = Release|Any CPU
		{86DCDD70-FA73-4777-A008-8FEE7091EC24}.Release|Any CPU.Build.0 = Release|Any CPU
		{D687DF84-EBD3-4D9E-AB88-63C1A7BC09E2}.Debug|Any CPU.ActiveCfg = Debug|Any CPU
		{D687DF84-EBD3-4D9E-AB88-63C1A7BC09E2}.Debug|Any CPU.Build.0 = Debug|Any CPU
		{D687DF84-EBD3-4D9E-AB88-63C1A7BC09E2}.Debug|Any CPU.Deploy.0 = Debug|Any CPU
		{D687DF84-EBD3-4D9E-AB88-63C1A7BC09E2}.Release|Any CPU.ActiveCfg = Release|Any CPU
		{D687DF84-EBD3-4D9E-AB88-63C1A7BC09E2}.Release|Any CPU.Build.0 = Release|Any CPU
		{D687DF84-EBD3-4D9E-AB88-63C1A7BC09E2}.Release|Any CPU.Deploy.0 = Release|Any CPU
	EndGlobalSection
	GlobalSection(SolutionProperties) = preSolution
		HideSolutionNode = FALSE
	EndGlobalSection
	GlobalSection(ExtensibilityGlobals) = postSolution
		SolutionGuid = {4C932334-8406-4457-B589-8A29D4FA6E62}
	EndGlobalSection
EndGlobal
