
Microsoft Visual Studio Solution File, Format Version 12.00
# Visual Studio Version 16
VisualStudioVersion = 16.0.29209.62
MinimumVisualStudioVersion = 10.0.40219.1
Project("{FAE04EC0-301F-11D3-BF4B-00C04F79EFBC}") = "Blogger", "Blogger\Blogger.csproj", "{9461DD52-B46C-44D0-929D-4A01244386B7}"
EndProject
Project("{00D1A9C2-B5F0-4AF3-8072-F6C62B433612}") = "Blogger.Database", "Blogger.Database\Blogger.Database.sqlproj", "{2B206FFB-DBA3-40FF-B096-3D82DC4D7A13}"
EndProject
Global
	GlobalSection(SolutionConfigurationPlatforms) = preSolution
		Debug|Any CPU = Debug|Any CPU
		Release|Any CPU = Release|Any CPU
	EndGlobalSection
	GlobalSection(ProjectConfigurationPlatforms) = postSolution
		{9461DD52-B46C-44D0-929D-4A01244386B7}.Debug|Any CPU.ActiveCfg = Debug|Any CPU
		{9461DD52-B46C-44D0-929D-4A01244386B7}.Debug|Any CPU.Build.0 = Debug|Any CPU
		{9461DD52-B46C-44D0-929D-4A01244386B7}.Release|Any CPU.ActiveCfg = Release|Any CPU
		{9461DD52-B46C-44D0-929D-4A01244386B7}.Release|Any CPU.Build.0 = Release|Any CPU
		{2B206FFB-DBA3-40FF-B096-3D82DC4D7A13}.Debug|Any CPU.ActiveCfg = Debug|Any CPU
		{2B206FFB-DBA3-40FF-B096-3D82DC4D7A13}.Debug|Any CPU.Build.0 = Debug|Any CPU
		{2B206FFB-DBA3-40FF-B096-3D82DC4D7A13}.Debug|Any CPU.Deploy.0 = Debug|Any CPU
		{2B206FFB-DBA3-40FF-B096-3D82DC4D7A13}.Release|Any CPU.ActiveCfg = Release|Any CPU
		{2B206FFB-DBA3-40FF-B096-3D82DC4D7A13}.Release|Any CPU.Build.0 = Release|Any CPU
		{2B206FFB-DBA3-40FF-B096-3D82DC4D7A13}.Release|Any CPU.Deploy.0 = Release|Any CPU
	EndGlobalSection
	GlobalSection(SolutionProperties) = preSolution
		HideSolutionNode = FALSE
	EndGlobalSection
	GlobalSection(ExtensibilityGlobals) = postSolution
		SolutionGuid = {A7683A05-F288-42C9-A91B-A3C0105C39BD}
	EndGlobalSection
EndGlobal
