
Microsoft Visual Studio Solution File, Format Version 12.00
# Visual Studio Version 16
VisualStudioVersion = 16.0.29215.179
MinimumVisualStudioVersion = 10.0.40219.1
Project("{FAE04EC0-301F-11D3-BF4B-00C04F79EFBC}") = "ResumeConstructor", "HOT4\ResumeConstructor.csproj", "{B79D265C-56CC-4C39-BEA1-569234C94BC5}"
EndProject
Project("{00D1A9C2-B5F0-4AF3-8072-F6C62B433612}") = "ResumeConstructor.Database", "ResumeConstructor.Database\ResumeConstructor.Database.sqlproj", "{0D70D554-AA5D-4CCB-AB77-77459A60C217}"
EndProject
Global
	GlobalSection(SolutionConfigurationPlatforms) = preSolution
		Debug|Any CPU = Debug|Any CPU
		Release|Any CPU = Release|Any CPU
	EndGlobalSection
	GlobalSection(ProjectConfigurationPlatforms) = postSolution
		{B79D265C-56CC-4C39-BEA1-569234C94BC5}.Debug|Any CPU.ActiveCfg = Debug|Any CPU
		{B79D265C-56CC-4C39-BEA1-569234C94BC5}.Debug|Any CPU.Build.0 = Debug|Any CPU
		{B79D265C-56CC-4C39-BEA1-569234C94BC5}.Release|Any CPU.ActiveCfg = Release|Any CPU
		{B79D265C-56CC-4C39-BEA1-569234C94BC5}.Release|Any CPU.Build.0 = Release|Any CPU
		{0D70D554-AA5D-4CCB-AB77-77459A60C217}.Debug|Any CPU.ActiveCfg = Debug|Any CPU
		{0D70D554-AA5D-4CCB-AB77-77459A60C217}.Debug|Any CPU.Build.0 = Debug|Any CPU
		{0D70D554-AA5D-4CCB-AB77-77459A60C217}.Debug|Any CPU.Deploy.0 = Debug|Any CPU
		{0D70D554-AA5D-4CCB-AB77-77459A60C217}.Release|Any CPU.ActiveCfg = Release|Any CPU
		{0D70D554-AA5D-4CCB-AB77-77459A60C217}.Release|Any CPU.Build.0 = Release|Any CPU
		{0D70D554-AA5D-4CCB-AB77-77459A60C217}.Release|Any CPU.Deploy.0 = Release|Any CPU
	EndGlobalSection
	GlobalSection(SolutionProperties) = preSolution
		HideSolutionNode = FALSE
	EndGlobalSection
	GlobalSection(ExtensibilityGlobals) = postSolution
		SolutionGuid = {A895D562-FEDD-4447-AB63-3627B1BE1B97}
	EndGlobalSection
EndGlobal
