
Microsoft Visual Studio Solution File, Format Version 12.00
# Visual Studio Version 16
VisualStudioVersion = 16.0.29403.142
MinimumVisualStudioVersion = 10.0.40219.1
Project("{FAE04EC0-301F-11D3-BF4B-00C04F79EFBC}") = "Newsletter", "Newsletter\Newsletter.csproj", "{6C99B970-37A6-4F9F-9B40-F498B8A76E27}"
EndProject
Project("{00D1A9C2-B5F0-4AF3-8072-F6C62B433612}") = "Newsletter.Database", "Newsletter.Database\Newsletter.Database.sqlproj", "{CA449806-5122-46BB-A2DE-CB346B7A898B}"
EndProject
Global
	GlobalSection(SolutionConfigurationPlatforms) = preSolution
		Debug|Any CPU = Debug|Any CPU
		Release|Any CPU = Release|Any CPU
	EndGlobalSection
	GlobalSection(ProjectConfigurationPlatforms) = postSolution
		{6C99B970-37A6-4F9F-9B40-F498B8A76E27}.Debug|Any CPU.ActiveCfg = Debug|Any CPU
		{6C99B970-37A6-4F9F-9B40-F498B8A76E27}.Debug|Any CPU.Build.0 = Debug|Any CPU
		{6C99B970-37A6-4F9F-9B40-F498B8A76E27}.Release|Any CPU.ActiveCfg = Release|Any CPU
		{6C99B970-37A6-4F9F-9B40-F498B8A76E27}.Release|Any CPU.Build.0 = Release|Any CPU
		{CA449806-5122-46BB-A2DE-CB346B7A898B}.Debug|Any CPU.ActiveCfg = Debug|Any CPU
		{CA449806-5122-46BB-A2DE-CB346B7A898B}.Debug|Any CPU.Build.0 = Debug|Any CPU
		{CA449806-5122-46BB-A2DE-CB346B7A898B}.Debug|Any CPU.Deploy.0 = Debug|Any CPU
		{CA449806-5122-46BB-A2DE-CB346B7A898B}.Release|Any CPU.ActiveCfg = Release|Any CPU
		{CA449806-5122-46BB-A2DE-CB346B7A898B}.Release|Any CPU.Build.0 = Release|Any CPU
		{CA449806-5122-46BB-A2DE-CB346B7A898B}.Release|Any CPU.Deploy.0 = Release|Any CPU
	EndGlobalSection
	GlobalSection(SolutionProperties) = preSolution
		HideSolutionNode = FALSE
	EndGlobalSection
	GlobalSection(ExtensibilityGlobals) = postSolution
		SolutionGuid = {68D678C6-40B5-42D8-BDC9-A416630AAE65}
	EndGlobalSection
EndGlobal
